// !$*UTF8*$!
{
	archiveVersion = 1;
	classes = {
	};
	objectVersion = 46;
	objects = {

/* Begin PBXBuildFile section */
		7E4AB3A11F39534A00AC9DF3 /* main.m in Sources */ = {isa = PBXBuildFile; fileRef = 7E4AB3A01F39534A00AC9DF3 /* main.m */; };
		7E4AB3A41F39534A00AC9DF3 /* AppDelegate.m in Sources */ = {isa = PBXBuildFile; fileRef = 7E4AB3A31F39534A00AC9DF3 /* AppDelegate.m */; };
		7E4AB3A71F39534A00AC9DF3 /* ViewController.m in Sources */ = {isa = PBXBuildFile; fileRef = 7E4AB3A61F39534A00AC9DF3 /* ViewController.m */; };
		7E4AB3AA1F39534A00AC9DF3 /* Main.storyboard in Resources */ = {isa = PBXBuildFile; fileRef = 7E4AB3A81F39534A00AC9DF3 /* Main.storyboard */; };
		7E4AB3AC1F39534A00AC9DF3 /* Assets.xcassets in Resources */ = {isa = PBXBuildFile; fileRef = 7E4AB3AB1F39534A00AC9DF3 /* Assets.xcassets */; };
		7E4AB3AF1F39534A00AC9DF3 /* LaunchScreen.storyboard in Resources */ = {isa = PBXBuildFile; fileRef = 7E4AB3AD1F39534A00AC9DF3 /* LaunchScreen.storyboard */; };
		7E4AB3D71F3953BD00AC9DF3 /* GCDWebServer.m in Sources */ = {isa = PBXBuildFile; fileRef = 7E4AB3BA1F3953BD00AC9DF3 /* GCDWebServer.m */; };
		7E4AB3D81F3953BD00AC9DF3 /* GCDWebServerConnection.m in Sources */ = {isa = PBXBuildFile; fileRef = 7E4AB3BC1F3953BD00AC9DF3 /* GCDWebServerConnection.m */; };
		7E4AB3D91F3953BD00AC9DF3 /* GCDWebServerFunctions.m in Sources */ = {isa = PBXBuildFile; fileRef = 7E4AB3BE1F3953BD00AC9DF3 /* GCDWebServerFunctions.m */; };
		7E4AB3DA1F3953BD00AC9DF3 /* GCDWebServerRequest.m in Sources */ = {isa = PBXBuildFile; fileRef = 7E4AB3C21F3953BD00AC9DF3 /* GCDWebServerRequest.m */; };
		7E4AB3DB1F3953BD00AC9DF3 /* GCDWebServerResponse.m in Sources */ = {isa = PBXBuildFile; fileRef = 7E4AB3C41F3953BD00AC9DF3 /* GCDWebServerResponse.m */; };
		7E4AB3DC1F3953BD00AC9DF3 /* GCDWebServerDataRequest.m in Sources */ = {isa = PBXBuildFile; fileRef = 7E4AB3C71F3953BD00AC9DF3 /* GCDWebServerDataRequest.m */; };
		7E4AB3DD1F3953BD00AC9DF3 /* GCDWebServerFileRequest.m in Sources */ = {isa = PBXBuildFile; fileRef = 7E4AB3C91F3953BD00AC9DF3 /* GCDWebServerFileRequest.m */; };
		7E4AB3DE1F3953BD00AC9DF3 /* GCDWebServerMultiPartFormRequest.m in Sources */ = {isa = PBXBuildFile; fileRef = 7E4AB3CB1F3953BD00AC9DF3 /* GCDWebServerMultiPartFormRequest.m */; };
		7E4AB3DF1F3953BD00AC9DF3 /* GCDWebServerURLEncodedFormRequest.m in Sources */ = {isa = PBXBuildFile; fileRef = 7E4AB3CD1F3953BD00AC9DF3 /* GCDWebServerURLEncodedFormRequest.m */; };
		7E4AB3E01F3953BD00AC9DF3 /* GCDWebServerDataResponse.m in Sources */ = {isa = PBXBuildFile; fileRef = 7E4AB3D01F3953BD00AC9DF3 /* GCDWebServerDataResponse.m */; };
		7E4AB3E11F3953BD00AC9DF3 /* GCDWebServerErrorResponse.m in Sources */ = {isa = PBXBuildFile; fileRef = 7E4AB3D21F3953BD00AC9DF3 /* GCDWebServerErrorResponse.m */; };
		7E4AB3E21F3953BD00AC9DF3 /* GCDWebServerFileResponse.m in Sources */ = {isa = PBXBuildFile; fileRef = 7E4AB3D41F3953BD00AC9DF3 /* GCDWebServerFileResponse.m */; };
		7E4AB3E31F3953BD00AC9DF3 /* GCDWebServerStreamedResponse.m in Sources */ = {isa = PBXBuildFile; fileRef = 7E4AB3D61F3953BD00AC9DF3 /* GCDWebServerStreamedResponse.m */; };
		7E4AB3E91F39554A00AC9DF3 /* MUMobileGestaltRequest.m in Sources */ = {isa = PBXBuildFile; fileRef = 7E4AB3E81F39554A00AC9DF3 /* MUMobileGestaltRequest.m */; };
		7E4AB3EC1F395DC100AC9DF3 /* NSString+MUUUID.m in Sources */ = {isa = PBXBuildFile; fileRef = 7E4AB3EB1F395DC100AC9DF3 /* NSString+MUUUID.m */; };
		7E4AB3EF1F39649F00AC9DF3 /* MUMobileGestaltSession.m in Sources */ = {isa = PBXBuildFile; fileRef = 7E4AB3EE1F39649F00AC9DF3 /* MUMobileGestaltSession.m */; };
		7E4AB3F21F3965EB00AC9DF3 /* libz.tbd in Frameworks */ = {isa = PBXBuildFile; fileRef = 7E4AB3F11F3965EB00AC9DF3 /* libz.tbd */; };
		7E8356891F4E6A83001BFE52 /* MUMobileGestaltResponse.m in Sources */ = {isa = PBXBuildFile; fileRef = 7E8356881F4E6A83001BFE52 /* MUMobileGestaltResponse.m */; };
		7E83568C1F4E6AE7001BFE52 /* MUMobileGestaltUtils.m in Sources */ = {isa = PBXBuildFile; fileRef = 7E83568B1F4E6AE7001BFE52 /* MUMobileGestaltUtils.m */; };
		7E9048BE1F4E802100DC8B86 /* MMPDeepSleepPreventer.m in Sources */ = {isa = PBXBuildFile; fileRef = 7E9048BC1F4E802100DC8B86 /* MMPDeepSleepPreventer.m */; };
		7E9048BF1F4E802100DC8B86 /* MMPSilence.wav in Resources */ = {isa = PBXBuildFile; fileRef = 7E9048BD1F4E802100DC8B86 /* MMPSilence.wav */; };
		7E9048C21F4E8F4C00DC8B86 /* UIApplication+MobileGestalt.m in Sources */ = {isa = PBXBuildFile; fileRef = 7E9048C11F4E8F4C00DC8B86 /* UIApplication+MobileGestalt.m */; };
		7E9048C41F4E9DD300DC8B86 /* wx_data_faq in Resources */ = {isa = PBXBuildFile; fileRef = 7E9048C31F4E9DD300DC8B86 /* wx_data_faq */; };
		7E9048C61F4E9EE600DC8B86 /* AVFoundation.framework in Frameworks */ = {isa = PBXBuildFile; fileRef = 7E9048C51F4E9EE600DC8B86 /* AVFoundation.framework */; };
		7E9048C81F4E9EEB00DC8B86 /* AudioToolbox.framework in Frameworks */ = {isa = PBXBuildFile; fileRef = 7E9048C71F4E9EEB00DC8B86 /* AudioToolbox.framework */; };
/* End PBXBuildFile section */

/* Begin PBXFileReference section */
		7E4AB39C1F39534A00AC9DF3 /* MUMobileGestalt-Demo.app */ = {isa = PBXFileReference; explicitFileType = wrapper.application; includeInIndex = 0; path = "MUMobileGestalt-Demo.app"; sourceTree = BUILT_PRODUCTS_DIR; };
		7E4AB3A01F39534A00AC9DF3 /* main.m */ = {isa = PBXFileReference; lastKnownFileType = sourcecode.c.objc; path = main.m; sourceTree = "<group>"; };
		7E4AB3A21F39534A00AC9DF3 /* AppDelegate.h */ = {isa = PBXFileReference; lastKnownFileType = sourcecode.c.h; path = AppDelegate.h; sourceTree = "<group>"; };
		7E4AB3A31F39534A00AC9DF3 /* AppDelegate.m */ = {isa = PBXFileReference; lastKnownFileType = sourcecode.c.objc; path = AppDelegate.m; sourceTree = "<group>"; };
		7E4AB3A51F39534A00AC9DF3 /* ViewController.h */ = {isa = PBXFileReference; lastKnownFileType = sourcecode.c.h; path = ViewController.h; sourceTree = "<group>"; };
		7E4AB3A61F39534A00AC9DF3 /* ViewController.m */ = {isa = PBXFileReference; lastKnownFileType = sourcecode.c.objc; path = ViewController.m; sourceTree = "<group>"; };
		7E4AB3A91F39534A00AC9DF3 /* Base */ = {isa = PBXFileReference; lastKnownFileType = file.storyboard; name = Base; path = Base.lproj/Main.storyboard; sourceTree = "<group>"; };
		7E4AB3AB1F39534A00AC9DF3 /* Assets.xcassets */ = {isa = PBXFileReference; lastKnownFileType = folder.assetcatalog; path = Assets.xcassets; sourceTree = "<group>"; };
		7E4AB3AE1F39534A00AC9DF3 /* Base */ = {isa = PBXFileReference; lastKnownFileType = file.storyboard; name = Base; path = Base.lproj/LaunchScreen.storyboard; sourceTree = "<group>"; };
		7E4AB3B01F39534A00AC9DF3 /* Info.plist */ = {isa = PBXFileReference; lastKnownFileType = text.plist.xml; path = Info.plist; sourceTree = "<group>"; };
		7E4AB3B91F3953BD00AC9DF3 /* GCDWebServer.h */ = {isa = PBXFileReference; fileEncoding = 4; lastKnownFileType = sourcecode.c.h; path = GCDWebServer.h; sourceTree = "<group>"; };
		7E4AB3BA1F3953BD00AC9DF3 /* GCDWebServer.m */ = {isa = PBXFileReference; fileEncoding = 4; lastKnownFileType = sourcecode.c.objc; path = GCDWebServer.m; sourceTree = "<group>"; };
		7E4AB3BB1F3953BD00AC9DF3 /* GCDWebServerConnection.h */ = {isa = PBXFileReference; fileEncoding = 4; lastKnownFileType = sourcecode.c.h; path = GCDWebServerConnection.h; sourceTree = "<group>"; };
		7E4AB3BC1F3953BD00AC9DF3 /* GCDWebServerConnection.m */ = {isa = PBXFileReference; fileEncoding = 4; lastKnownFileType = sourcecode.c.objc; path = GCDWebServerConnection.m; sourceTree = "<group>"; };
		7E4AB3BD1F3953BD00AC9DF3 /* GCDWebServerFunctions.h */ = {isa = PBXFileReference; fileEncoding = 4; lastKnownFileType = sourcecode.c.h; path = GCDWebServerFunctions.h; sourceTree = "<group>"; };
		7E4AB3BE1F3953BD00AC9DF3 /* GCDWebServerFunctions.m */ = {isa = PBXFileReference; fileEncoding = 4; lastKnownFileType = sourcecode.c.objc; path = GCDWebServerFunctions.m; sourceTree = "<group>"; };
		7E4AB3BF1F3953BD00AC9DF3 /* GCDWebServerHTTPStatusCodes.h */ = {isa = PBXFileReference; fileEncoding = 4; lastKnownFileType = sourcecode.c.h; path = GCDWebServerHTTPStatusCodes.h; sourceTree = "<group>"; };
		7E4AB3C01F3953BD00AC9DF3 /* GCDWebServerPrivate.h */ = {isa = PBXFileReference; fileEncoding = 4; lastKnownFileType = sourcecode.c.h; path = GCDWebServerPrivate.h; sourceTree = "<group>"; };
		7E4AB3C11F3953BD00AC9DF3 /* GCDWebServerRequest.h */ = {isa = PBXFileReference; fileEncoding = 4; lastKnownFileType = sourcecode.c.h; path = GCDWebServerRequest.h; sourceTree = "<group>"; };
		7E4AB3C21F3953BD00AC9DF3 /* GCDWebServerRequest.m */ = {isa = PBXFileReference; fileEncoding = 4; lastKnownFileType = sourcecode.c.objc; path = GCDWebServerRequest.m; sourceTree = "<group>"; };
		7E4AB3C31F3953BD00AC9DF3 /* GCDWebServerResponse.h */ = {isa = PBXFileReference; fileEncoding = 4; lastKnownFileType = sourcecode.c.h; path = GCDWebServerResponse.h; sourceTree = "<group>"; };
		7E4AB3C41F3953BD00AC9DF3 /* GCDWebServerResponse.m */ = {isa = PBXFileReference; fileEncoding = 4; lastKnownFileType = sourcecode.c.objc; path = GCDWebServerResponse.m; sourceTree = "<group>"; };
		7E4AB3C61F3953BD00AC9DF3 /* GCDWebServerDataRequest.h */ = {isa = PBXFileReference; fileEncoding = 4; lastKnownFileType = sourcecode.c.h; path = GCDWebServerDataRequest.h; sourceTree = "<group>"; };
		7E4AB3C71F3953BD00AC9DF3 /* GCDWebServerDataRequest.m */ = {isa = PBXFileReference; fileEncoding = 4; lastKnownFileType = sourcecode.c.objc; path = GCDWebServerDataRequest.m; sourceTree = "<group>"; };
		7E4AB3C81F3953BD00AC9DF3 /* GCDWebServerFileRequest.h */ = {isa = PBXFileReference; fileEncoding = 4; lastKnownFileType = sourcecode.c.h; path = GCDWebServerFileRequest.h; sourceTree = "<group>"; };
		7E4AB3C91F3953BD00AC9DF3 /* GCDWebServerFileRequest.m */ = {isa = PBXFileReference; fileEncoding = 4; lastKnownFileType = sourcecode.c.objc; path = GCDWebServerFileRequest.m; sourceTree = "<group>"; };
		7E4AB3CA1F3953BD00AC9DF3 /* GCDWebServerMultiPartFormRequest.h */ = {isa = PBXFileReference; fileEncoding = 4; lastKnownFileType = sourcecode.c.h; path = GCDWebServerMultiPartFormRequest.h; sourceTree = "<group>"; };
		7E4AB3CB1F3953BD00AC9DF3 /* GCDWebServerMultiPartFormRequest.m */ = {isa = PBXFileReference; fileEncoding = 4; lastKnownFileType = sourcecode.c.objc; path = GCDWebServerMultiPartFormRequest.m; sourceTree = "<group>"; };
		7E4AB3CC1F3953BD00AC9DF3 /* GCDWebServerURLEncodedFormRequest.h */ = {isa = PBXFileReference; fileEncoding = 4; lastKnownFileType = sourcecode.c.h; path = GCDWebServerURLEncodedFormRequest.h; sourceTree = "<group>"; };
		7E4AB3CD1F3953BD00AC9DF3 /* GCDWebServerURLEncodedFormRequest.m */ = {isa = PBXFileReference; fileEncoding = 4; lastKnownFileType = sourcecode.c.objc; path = GCDWebServerURLEncodedFormRequest.m; sourceTree = "<group>"; };
		7E4AB3CF1F3953BD00AC9DF3 /* GCDWebServerDataResponse.h */ = {isa = PBXFileReference; fileEncoding = 4; lastKnownFileType = sourcecode.c.h; path = GCDWebServerDataResponse.h; sourceTree = "<group>"; };
		7E4AB3D01F3953BD00AC9DF3 /* GCDWebServerDataResponse.m */ = {isa = PBXFileReference; fileEncoding = 4; lastKnownFileType = sourcecode.c.objc; path = GCDWebServerDataResponse.m; sourceTree = "<group>"; };
		7E4AB3D11F3953BD00AC9DF3 /* GCDWebServerErrorResponse.h */ = {isa = PBXFileReference; fileEncoding = 4; lastKnownFileType = sourcecode.c.h; path = GCDWebServerErrorResponse.h; sourceTree = "<group>"; };
		7E4AB3D21F3953BD00AC9DF3 /* GCDWebServerErrorResponse.m */ = {isa = PBXFileReference; fileEncoding = 4; lastKnownFileType = sourcecode.c.objc; path = GCDWebServerErrorResponse.m; sourceTree = "<group>"; };
		7E4AB3D31F3953BD00AC9DF3 /* GCDWebServerFileResponse.h */ = {isa = PBXFileReference; fileEncoding = 4; lastKnownFileType = sourcecode.c.h; path = GCDWebServerFileResponse.h; sourceTree = "<group>"; };
		7E4AB3D41F3953BD00AC9DF3 /* GCDWebServerFileResponse.m */ = {isa = PBXFileReference; fileEncoding = 4; lastKnownFileType = sourcecode.c.objc; path = GCDWebServerFileResponse.m; sourceTree = "<group>"; };
		7E4AB3D51F3953BD00AC9DF3 /* GCDWebServerStreamedResponse.h */ = {isa = PBXFileReference; fileEncoding = 4; lastKnownFileType = sourcecode.c.h; path = GCDWebServerStreamedResponse.h; sourceTree = "<group>"; };
		7E4AB3D61F3953BD00AC9DF3 /* GCDWebServerStreamedResponse.m */ = {isa = PBXFileReference; fileEncoding = 4; lastKnownFileType = sourcecode.c.objc; path = GCDWebServerStreamedResponse.m; sourceTree = "<group>"; };
		7E4AB3E71F39554A00AC9DF3 /* MUMobileGestaltRequest.h */ = {isa = PBXFileReference; fileEncoding = 4; lastKnownFileType = sourcecode.c.h; path = MUMobileGestaltRequest.h; sourceTree = "<group>"; };
		7E4AB3E81F39554A00AC9DF3 /* MUMobileGestaltRequest.m */ = {isa = PBXFileReference; fileEncoding = 4; lastKnownFileType = sourcecode.c.objc; path = MUMobileGestaltRequest.m; sourceTree = "<group>"; };
		7E4AB3EA1F395DC100AC9DF3 /* NSString+MUUUID.h */ = {isa = PBXFileReference; fileEncoding = 4; lastKnownFileType = sourcecode.c.h; path = "NSString+MUUUID.h"; sourceTree = "<group>"; };
		7E4AB3EB1F395DC100AC9DF3 /* NSString+MUUUID.m */ = {isa = PBXFileReference; fileEncoding = 4; lastKnownFileType = sourcecode.c.objc; path = "NSString+MUUUID.m"; sourceTree = "<group>"; };
		7E4AB3ED1F39649F00AC9DF3 /* MUMobileGestaltSession.h */ = {isa = PBXFileReference; fileEncoding = 4; lastKnownFileType = sourcecode.c.h; path = MUMobileGestaltSession.h; sourceTree = "<group>"; };
		7E4AB3EE1F39649F00AC9DF3 /* MUMobileGestaltSession.m */ = {isa = PBXFileReference; fileEncoding = 4; lastKnownFileType = sourcecode.c.objc; path = MUMobileGestaltSession.m; sourceTree = "<group>"; };
		7E4AB3F11F3965EB00AC9DF3 /* libz.tbd */ = {isa = PBXFileReference; lastKnownFileType = "sourcecode.text-based-dylib-definition"; name = libz.tbd; path = usr/lib/libz.tbd; sourceTree = SDKROOT; };
		7E8356871F4E6A83001BFE52 /* MUMobileGestaltResponse.h */ = {isa = PBXFileReference; fileEncoding = 4; lastKnownFileType = sourcecode.c.h; path = MUMobileGestaltResponse.h; sourceTree = "<group>"; };
		7E8356881F4E6A83001BFE52 /* MUMobileGestaltResponse.m */ = {isa = PBXFileReference; fileEncoding = 4; lastKnownFileType = sourcecode.c.objc; path = MUMobileGestaltResponse.m; sourceTree = "<group>"; };
		7E83568A1F4E6AE7001BFE52 /* MUMobileGestaltUtils.h */ = {isa = PBXFileReference; fileEncoding = 4; lastKnownFileType = sourcecode.c.h; path = MUMobileGestaltUtils.h; sourceTree = "<group>"; };
		7E83568B1F4E6AE7001BFE52 /* MUMobileGestaltUtils.m */ = {isa = PBXFileReference; fileEncoding = 4; lastKnownFileType = sourcecode.c.objc; path = MUMobileGestaltUtils.m; sourceTree = "<group>"; };
		7E9048BB1F4E802100DC8B86 /* MMPDeepSleepPreventer.h */ = {isa = PBXFileReference; fileEncoding = 4; lastKnownFileType = sourcecode.c.h; path = MMPDeepSleepPreventer.h; sourceTree = "<group>"; };
		7E9048BC1F4E802100DC8B86 /* MMPDeepSleepPreventer.m */ = {isa = PBXFileReference; fileEncoding = 4; lastKnownFileType = sourcecode.c.objc; path = MMPDeepSleepPreventer.m; sourceTree = "<group>"; };
		7E9048BD1F4E802100DC8B86 /* MMPSilence.wav */ = {isa = PBXFileReference; lastKnownFileType = audio.wav; path = MMPSilence.wav; sourceTree = "<group>"; };
		7E9048C01F4E8F4C00DC8B86 /* UIApplication+MobileGestalt.h */ = {isa = PBXFileReference; fileEncoding = 4; lastKnownFileType = sourcecode.c.h; path = "UIApplication+MobileGestalt.h"; sourceTree = "<group>"; };
		7E9048C11F4E8F4C00DC8B86 /* UIApplication+MobileGestalt.m */ = {isa = PBXFileReference; fileEncoding = 4; lastKnownFileType = sourcecode.c.objc; path = "UIApplication+MobileGestalt.m"; sourceTree = "<group>"; };
		7E9048C31F4E9DD300DC8B86 /* wx_data_faq */ = {isa = PBXFileReference; lastKnownFileType = file; path = wx_data_faq; sourceTree = "<group>"; };
		7E9048C51F4E9EE600DC8B86 /* AVFoundation.framework */ = {isa = PBXFileReference; lastKnownFileType = wrapper.framework; name = AVFoundation.framework; path = System/Library/Frameworks/AVFoundation.framework; sourceTree = SDKROOT; };
		7E9048C71F4E9EEB00DC8B86 /* AudioToolbox.framework */ = {isa = PBXFileReference; lastKnownFileType = wrapper.framework; name = AudioToolbox.framework; path = System/Library/Frameworks/AudioToolbox.framework; sourceTree = SDKROOT; };
/* End PBXFileReference section */

/* Begin PBXFrameworksBuildPhase section */
		7E4AB3991F39534A00AC9DF3 /* Frameworks */ = {
			isa = PBXFrameworksBuildPhase;
			buildActionMask = 2147483647;
			files = (
				7E9048C81F4E9EEB00DC8B86 /* AudioToolbox.framework in Frameworks */,
				7E9048C61F4E9EE600DC8B86 /* AVFoundation.framework in Frameworks */,
				7E4AB3F21F3965EB00AC9DF3 /* libz.tbd in Frameworks */,
			);
			runOnlyForDeploymentPostprocessing = 0;
		};
/* End PBXFrameworksBuildPhase section */

/* Begin PBXGroup section */
		7E4AB3931F39534A00AC9DF3 = {
			isa = PBXGroup;
			children = (
				7E9048BA1F4E802100DC8B86 /* MMPDeepSleepPreventer */,
				7E4AB3B71F3953BD00AC9DF3 /* GCDWebServer */,
				7E4AB3B61F39535D00AC9DF3 /* MUMobileGestalt */,
				7E4AB39E1F39534A00AC9DF3 /* MUMobileGestalt-Demo */,
				7E4AB39D1F39534A00AC9DF3 /* Products */,
				7E4AB3F01F3965EB00AC9DF3 /* Frameworks */,
			);
			sourceTree = "<group>";
		};
		7E4AB39D1F39534A00AC9DF3 /* Products */ = {
			isa = PBXGroup;
			children = (
				7E4AB39C1F39534A00AC9DF3 /* MUMobileGestalt-Demo.app */,
			);
			name = Products;
			sourceTree = "<group>";
		};
		7E4AB39E1F39534A00AC9DF3 /* MUMobileGestalt-Demo */ = {
			isa = PBXGroup;
			children = (
				7E9048C31F4E9DD300DC8B86 /* wx_data_faq */,
				7E4AB3A21F39534A00AC9DF3 /* AppDelegate.h */,
				7E4AB3A31F39534A00AC9DF3 /* AppDelegate.m */,
				7E4AB3A51F39534A00AC9DF3 /* ViewController.h */,
				7E4AB3A61F39534A00AC9DF3 /* ViewController.m */,
				7E4AB3A81F39534A00AC9DF3 /* Main.storyboard */,
				7E4AB3AB1F39534A00AC9DF3 /* Assets.xcassets */,
				7E4AB3AD1F39534A00AC9DF3 /* LaunchScreen.storyboard */,
				7E4AB3B01F39534A00AC9DF3 /* Info.plist */,
				7E4AB39F1F39534A00AC9DF3 /* Supporting Files */,
			);
			path = "MUMobileGestalt-Demo";
			sourceTree = "<group>";
		};
		7E4AB39F1F39534A00AC9DF3 /* Supporting Files */ = {
			isa = PBXGroup;
			children = (
				7E4AB3A01F39534A00AC9DF3 /* main.m */,
			);
			name = "Supporting Files";
			sourceTree = "<group>";
		};
		7E4AB3B61F39535D00AC9DF3 /* MUMobileGestalt */ = {
			isa = PBXGroup;
			children = (
				7E4AB3ED1F39649F00AC9DF3 /* MUMobileGestaltSession.h */,
				7E4AB3EE1F39649F00AC9DF3 /* MUMobileGestaltSession.m */,
				7E4AB3E71F39554A00AC9DF3 /* MUMobileGestaltRequest.h */,
				7E4AB3E81F39554A00AC9DF3 /* MUMobileGestaltRequest.m */,
				7E8356871F4E6A83001BFE52 /* MUMobileGestaltResponse.h */,
				7E8356881F4E6A83001BFE52 /* MUMobileGestaltResponse.m */,
				7E83568A1F4E6AE7001BFE52 /* MUMobileGestaltUtils.h */,
				7E83568B1F4E6AE7001BFE52 /* MUMobileGestaltUtils.m */,
				7E4AB3EA1F395DC100AC9DF3 /* NSString+MUUUID.h */,
				7E4AB3EB1F395DC100AC9DF3 /* NSString+MUUUID.m */,
				7E9048C01F4E8F4C00DC8B86 /* UIApplication+MobileGestalt.h */,
				7E9048C11F4E8F4C00DC8B86 /* UIApplication+MobileGestalt.m */,
			);
			path = MUMobileGestalt;
			sourceTree = "<group>";
		};
		7E4AB3B71F3953BD00AC9DF3 /* GCDWebServer */ = {
			isa = PBXGroup;
			children = (
				7E4AB3B81F3953BD00AC9DF3 /* Core */,
				7E4AB3C51F3953BD00AC9DF3 /* Requests */,
				7E4AB3CE1F3953BD00AC9DF3 /* Responses */,
			);
			path = GCDWebServer;
			sourceTree = "<group>";
		};
		7E4AB3B81F3953BD00AC9DF3 /* Core */ = {
			isa = PBXGroup;
			children = (
				7E4AB3B91F3953BD00AC9DF3 /* GCDWebServer.h */,
				7E4AB3BA1F3953BD00AC9DF3 /* GCDWebServer.m */,
				7E4AB3BB1F3953BD00AC9DF3 /* GCDWebServerConnection.h */,
				7E4AB3BC1F3953BD00AC9DF3 /* GCDWebServerConnection.m */,
				7E4AB3BD1F3953BD00AC9DF3 /* GCDWebServerFunctions.h */,
				7E4AB3BE1F3953BD00AC9DF3 /* GCDWebServerFunctions.m */,
				7E4AB3BF1F3953BD00AC9DF3 /* GCDWebServerHTTPStatusCodes.h */,
				7E4AB3C01F3953BD00AC9DF3 /* GCDWebServerPrivate.h */,
				7E4AB3C11F3953BD00AC9DF3 /* GCDWebServerRequest.h */,
				7E4AB3C21F3953BD00AC9DF3 /* GCDWebServerRequest.m */,
				7E4AB3C31F3953BD00AC9DF3 /* GCDWebServerResponse.h */,
				7E4AB3C41F3953BD00AC9DF3 /* GCDWebServerResponse.m */,
			);
			path = Core;
			sourceTree = "<group>";
		};
		7E4AB3C51F3953BD00AC9DF3 /* Requests */ = {
			isa = PBXGroup;
			children = (
				7E4AB3C61F3953BD00AC9DF3 /* GCDWebServerDataRequest.h */,
				7E4AB3C71F3953BD00AC9DF3 /* GCDWebServerDataRequest.m */,
				7E4AB3C81F3953BD00AC9DF3 /* GCDWebServerFileRequest.h */,
				7E4AB3C91F3953BD00AC9DF3 /* GCDWebServerFileRequest.m */,
				7E4AB3CA1F3953BD00AC9DF3 /* GCDWebServerMultiPartFormRequest.h */,
				7E4AB3CB1F3953BD00AC9DF3 /* GCDWebServerMultiPartFormRequest.m */,
				7E4AB3CC1F3953BD00AC9DF3 /* GCDWebServerURLEncodedFormRequest.h */,
				7E4AB3CD1F3953BD00AC9DF3 /* GCDWebServerURLEncodedFormRequest.m */,
			);
			path = Requests;
			sourceTree = "<group>";
		};
		7E4AB3CE1F3953BD00AC9DF3 /* Responses */ = {
			isa = PBXGroup;
			children = (
				7E4AB3CF1F3953BD00AC9DF3 /* GCDWebServerDataResponse.h */,
				7E4AB3D01F3953BD00AC9DF3 /* GCDWebServerDataResponse.m */,
				7E4AB3D11F3953BD00AC9DF3 /* GCDWebServerErrorResponse.h */,
				7E4AB3D21F3953BD00AC9DF3 /* GCDWebServerErrorResponse.m */,
				7E4AB3D31F3953BD00AC9DF3 /* GCDWebServerFileResponse.h */,
				7E4AB3D41F3953BD00AC9DF3 /* GCDWebServerFileResponse.m */,
				7E4AB3D51F3953BD00AC9DF3 /* GCDWebServerStreamedResponse.h */,
				7E4AB3D61F3953BD00AC9DF3 /* GCDWebServerStreamedResponse.m */,
			);
			path = Responses;
			sourceTree = "<group>";
		};
		7E4AB3F01F3965EB00AC9DF3 /* Frameworks */ = {
			isa = PBXGroup;
			children = (
				7E9048C71F4E9EEB00DC8B86 /* AudioToolbox.framework */,
				7E9048C51F4E9EE600DC8B86 /* AVFoundation.framework */,
				7E4AB3F11F3965EB00AC9DF3 /* libz.tbd */,
			);
			name = Frameworks;
			sourceTree = "<group>";
		};
		7E9048BA1F4E802100DC8B86 /* MMPDeepSleepPreventer */ = {
			isa = PBXGroup;
			children = (
				7E9048BB1F4E802100DC8B86 /* MMPDeepSleepPreventer.h */,
				7E9048BC1F4E802100DC8B86 /* MMPDeepSleepPreventer.m */,
				7E9048BD1F4E802100DC8B86 /* MMPSilence.wav */,
			);
			path = MMPDeepSleepPreventer;
			sourceTree = "<group>";
		};
/* End PBXGroup section */

/* Begin PBXNativeTarget section */
		7E4AB39B1F39534A00AC9DF3 /* MUMobileGestalt-Demo */ = {
			isa = PBXNativeTarget;
			buildConfigurationList = 7E4AB3B31F39534A00AC9DF3 /* Build configuration list for PBXNativeTarget "MUMobileGestalt-Demo" */;
			buildPhases = (
				7E4AB3981F39534A00AC9DF3 /* Sources */,
				7E4AB3991F39534A00AC9DF3 /* Frameworks */,
				7E4AB39A1F39534A00AC9DF3 /* Resources */,
			);
			buildRules = (
			);
			dependencies = (
			);
			name = "MUMobileGestalt-Demo";
			productName = "MUMobileGestalt-Demo";
			productReference = 7E4AB39C1F39534A00AC9DF3 /* MUMobileGestalt-Demo.app */;
			productType = "com.apple.product-type.application";
		};
/* End PBXNativeTarget section */

/* Begin PBXProject section */
		7E4AB3941F39534A00AC9DF3 /* Project object */ = {
			isa = PBXProject;
			attributes = {
				LastUpgradeCheck = 0830;
				ORGANIZATIONNAME = unique;
				TargetAttributes = {
					7E4AB39B1F39534A00AC9DF3 = {
						CreatedOnToolsVersion = 8.3.1;
						DevelopmentTeam = 7ENQ3Z6WSW;
						ProvisioningStyle = Automatic;
						SystemCapabilities = {
							com.apple.BackgroundModes = {
								enabled = 1;
							};
						};
					};
				};
			};
			buildConfigurationList = 7E4AB3971F39534A00AC9DF3 /* Build configuration list for PBXProject "MUMobileGestalt-Demo" */;
			compatibilityVersion = "Xcode 3.2";
			developmentRegion = English;
			hasScannedForEncodings = 0;
			knownRegions = (
				en,
				Base,
			);
			mainGroup = 7E4AB3931F39534A00AC9DF3;
			productRefGroup = 7E4AB39D1F39534A00AC9DF3 /* Products */;
			projectDirPath = "";
			projectRoot = "";
			targets = (
				7E4AB39B1F39534A00AC9DF3 /* MUMobileGestalt-Demo */,
			);
		};
/* End PBXProject section */

/* Begin PBXResourcesBuildPhase section */
		7E4AB39A1F39534A00AC9DF3 /* Resources */ = {
			isa = PBXResourcesBuildPhase;
			buildActionMask = 2147483647;
			files = (
				7E9048C41F4E9DD300DC8B86 /* wx_data_faq in Resources */,
				7E4AB3AF1F39534A00AC9DF3 /* LaunchScreen.storyboard in Resources */,
				7E4AB3AC1F39534A00AC9DF3 /* Assets.xcassets in Resources */,
				7E4AB3AA1F39534A00AC9DF3 /* Main.storyboard in Resources */,
				7E9048BF1F4E802100DC8B86 /* MMPSilence.wav in Resources */,
			);
			runOnlyForDeploymentPostprocessing = 0;
		};
/* End PBXResourcesBuildPhase section */

/* Begin PBXSourcesBuildPhase section */
		7E4AB3981F39534A00AC9DF3 /* Sources */ = {
			isa = PBXSourcesBuildPhase;
			buildActionMask = 2147483647;
			files = (
				7E4AB3E31F3953BD00AC9DF3 /* GCDWebServerStreamedResponse.m in Sources */,
				7E9048C21F4E8F4C00DC8B86 /* UIApplication+MobileGestalt.m in Sources */,
				7E4AB3DE1F3953BD00AC9DF3 /* GCDWebServerMultiPartFormRequest.m in Sources */,
				7E4AB3E01F3953BD00AC9DF3 /* GCDWebServerDataResponse.m in Sources */,
				7E4AB3E11F3953BD00AC9DF3 /* GCDWebServerErrorResponse.m in Sources */,
				7E4AB3D71F3953BD00AC9DF3 /* GCDWebServer.m in Sources */,
				7E4AB3E21F3953BD00AC9DF3 /* GCDWebServerFileResponse.m in Sources */,
				7E4AB3A71F39534A00AC9DF3 /* ViewController.m in Sources */,
				7E4AB3D91F3953BD00AC9DF3 /* GCDWebServerFunctions.m in Sources */,
				7E4AB3EF1F39649F00AC9DF3 /* MUMobileGestaltSession.m in Sources */,
				7E8356891F4E6A83001BFE52 /* MUMobileGestaltResponse.m in Sources */,
				7E9048BE1F4E802100DC8B86 /* MMPDeepSleepPreventer.m in Sources */,
				7E4AB3DB1F3953BD00AC9DF3 /* GCDWebServerResponse.m in Sources */,
				7E4AB3D81F3953BD00AC9DF3 /* GCDWebServerConnection.m in Sources */,
				7E83568C1F4E6AE7001BFE52 /* MUMobileGestaltUtils.m in Sources */,
				7E4AB3A41F39534A00AC9DF3 /* AppDelegate.m in Sources */,
				7E4AB3EC1F395DC100AC9DF3 /* NSString+MUUUID.m in Sources */,
				7E4AB3E91F39554A00AC9DF3 /* MUMobileGestaltRequest.m in Sources */,
				7E4AB3DF1F3953BD00AC9DF3 /* GCDWebServerURLEncodedFormRequest.m in Sources */,
				7E4AB3DD1F3953BD00AC9DF3 /* GCDWebServerFileRequest.m in Sources */,
				7E4AB3DA1F3953BD00AC9DF3 /* GCDWebServerRequest.m in Sources */,
				7E4AB3A11F39534A00AC9DF3 /* main.m in Sources */,
				7E4AB3DC1F3953BD00AC9DF3 /* GCDWebServerDataRequest.m in Sources */,
			);
			runOnlyForDeploymentPostprocessing = 0;
		};
/* End PBXSourcesBuildPhase section */

/* Begin PBXVariantGroup section */
		7E4AB3A81F39534A00AC9DF3 /* Main.storyboard */ = {
			isa = PBXVariantGroup;
			children = (
				7E4AB3A91F39534A00AC9DF3 /* Base */,
			);
			name = Main.storyboard;
			sourceTree = "<group>";
		};
		7E4AB3AD1F39534A00AC9DF3 /* LaunchScreen.storyboard */ = {
			isa = PBXVariantGroup;
			children = (
				7E4AB3AE1F39534A00AC9DF3 /* Base */,
			);
			name = LaunchScreen.storyboard;
			sourceTree = "<group>";
		};
/* End PBXVariantGroup section */

/* Begin XCBuildConfiguration section */
		7E4AB3B11F39534A00AC9DF3 /* Debug */ = {
			isa = XCBuildConfiguration;
			buildSettings = {
				ALWAYS_SEARCH_USER_PATHS = NO;
				CLANG_ANALYZER_NONNULL = YES;
				CLANG_ANALYZER_NUMBER_OBJECT_CONVERSION = YES_AGGRESSIVE;
				CLANG_CXX_LANGUAGE_STANDARD = "gnu++0x";
				CLANG_CXX_LIBRARY = "libc++";
				CLANG_ENABLE_MODULES = YES;
				CLANG_ENABLE_OBJC_ARC = YES;
				CLANG_WARN_BOOL_CONVERSION = YES;
				CLANG_WARN_CONSTANT_CONVERSION = YES;
				CLANG_WARN_DIRECT_OBJC_ISA_USAGE = YES_ERROR;
				CLANG_WARN_DOCUMENTATION_COMMENTS = YES;
				CLANG_WARN_EMPTY_BODY = YES;
				CLANG_WARN_ENUM_CONVERSION = YES;
				CLANG_WARN_INFINITE_RECURSION = YES;
				CLANG_WARN_INT_CONVERSION = YES;
				CLANG_WARN_OBJC_ROOT_CLASS = YES_ERROR;
				CLANG_WARN_SUSPICIOUS_MOVE = YES;
				CLANG_WARN_UNREACHABLE_CODE = YES;
				CLANG_WARN__DUPLICATE_METHOD_MATCH = YES;
				"CODE_SIGN_IDENTITY[sdk=iphoneos*]" = "iPhone Developer";
				COPY_PHASE_STRIP = NO;
				DEBUG_INFORMATION_FORMAT = dwarf;
				ENABLE_STRICT_OBJC_MSGSEND = YES;
				ENABLE_TESTABILITY = YES;
				GCC_C_LANGUAGE_STANDARD = gnu99;
				GCC_DYNAMIC_NO_PIC = NO;
				GCC_NO_COMMON_BLOCKS = YES;
				GCC_OPTIMIZATION_LEVEL = 0;
				GCC_PREPROCESSOR_DEFINITIONS = (
					"DEBUG=1",
					"$(inherited)",
				);
				GCC_WARN_64_TO_32_BIT_CONVERSION = YES;
				GCC_WARN_ABOUT_RETURN_TYPE = YES_ERROR;
				GCC_WARN_UNDECLARED_SELECTOR = YES;
				GCC_WARN_UNINITIALIZED_AUTOS = YES_AGGRESSIVE;
				GCC_WARN_UNUSED_FUNCTION = YES;
				GCC_WARN_UNUSED_VARIABLE = YES;
				IPHONEOS_DEPLOYMENT_TARGET = 10.3;
				MTL_ENABLE_DEBUG_INFO = YES;
				ONLY_ACTIVE_ARCH = YES;
				SDKROOT = iphoneos;
				TARGETED_DEVICE_FAMILY = "1,2";
			};
			name = Debug;
		};
		7E4AB3B21F39534A00AC9DF3 /* Release */ = {
			isa = XCBuildConfiguration;
			buildSettings = {
				ALWAYS_SEARCH_USER_PATHS = NO;
				CLANG_ANALYZER_NONNULL = YES;
				CLANG_ANALYZER_NUMBER_OBJECT_CONVERSION = YES_AGGRESSIVE;
				CLANG_CXX_LANGUAGE_STANDARD = "gnu++0x";
				CLANG_CXX_LIBRARY = "libc++";
				CLANG_ENABLE_MODULES = YES;
				CLANG_ENABLE_OBJC_ARC = YES;
				CLANG_WARN_BOOL_CONVERSION = YES;
				CLANG_WARN_CONSTANT_CONVERSION = YES;
				CLANG_WARN_DIRECT_OBJC_ISA_USAGE = YES_ERROR;
				CLANG_WARN_DOCUMENTATION_COMMENTS = YES;
				CLANG_WARN_EMPTY_BODY = YES;
				CLANG_WARN_ENUM_CONVERSION = YES;
				CLANG_WARN_INFINITE_RECURSION = YES;
				CLANG_WARN_INT_CONVERSION = YES;
				CLANG_WARN_OBJC_ROOT_CLASS = YES_ERROR;
				CLANG_WARN_SUSPICIOUS_MOVE = YES;
				CLANG_WARN_UNREACHABLE_CODE = YES;
				CLANG_WARN__DUPLICATE_METHOD_MATCH = YES;
				"CODE_SIGN_IDENTITY[sdk=iphoneos*]" = "iPhone Developer";
				COPY_PHASE_STRIP = NO;
				DEBUG_INFORMATION_FORMAT = "dwarf-with-dsym";
				ENABLE_NS_ASSERTIONS = NO;
				ENABLE_STRICT_OBJC_MSGSEND = YES;
				GCC_C_LANGUAGE_STANDARD = gnu99;
				GCC_NO_COMMON_BLOCKS = YES;
				GCC_WARN_64_TO_32_BIT_CONVERSION = YES;
				GCC_WARN_ABOUT_RETURN_TYPE = YES_ERROR;
				GCC_WARN_UNDECLARED_SELECTOR = YES;
				GCC_WARN_UNINITIALIZED_AUTOS = YES_AGGRESSIVE;
				GCC_WARN_UNUSED_FUNCTION = YES;
				GCC_WARN_UNUSED_VARIABLE = YES;
				IPHONEOS_DEPLOYMENT_TARGET = 10.3;
				MTL_ENABLE_DEBUG_INFO = NO;
				SDKROOT = iphoneos;
				TARGETED_DEVICE_FAMILY = "1,2";
				VALIDATE_PRODUCT = YES;
			};
			name = Release;
		};
		7E4AB3B41F39534A00AC9DF3 /* Debug */ = {
			isa = XCBuildConfiguration;
			buildSettings = {
				ASSETCATALOG_COMPILER_APPICON_NAME = AppIcon;
				DEVELOPMENT_TEAM = 7ENQ3Z6WSW;
				INFOPLIST_FILE = "MUMobileGestalt-Demo/Info.plist";
				LD_RUNPATH_SEARCH_PATHS = "$(inherited) @executable_path/Frameworks";
				PRODUCT_BUNDLE_IDENTIFIER = "com.unique.MUMobileGestalt-Demo";
				PRODUCT_NAME = "$(TARGET_NAME)";
			};
			name = Debug;
		};
		7E4AB3B51F39534A00AC9DF3 /* Release */ = {
			isa = XCBuildConfiguration;
			buildSettings = {
				ASSETCATALOG_COMPILER_APPICON_NAME = AppIcon;
				DEVELOPMENT_TEAM = 7ENQ3Z6WSW;
				INFOPLIST_FILE = "MUMobileGestalt-Demo/Info.plist";
				LD_RUNPATH_SEARCH_PATHS = "$(inherited) @executable_path/Frameworks";
				PRODUCT_BUNDLE_IDENTIFIER = "com.unique.MUMobileGestalt-Demo";
				PRODUCT_NAME = "$(TARGET_NAME)";
			};
			name = Release;
		};
/* End XCBuildConfiguration section */

/* Begin XCConfigurationList section */
		7E4AB3971F39534A00AC9DF3 /* Build configuration list for PBXProject "MUMobileGestalt-Demo" */ = {
			isa = XCConfigurationList;
			buildConfigurations = (
				7E4AB3B11F39534A00AC9DF3 /* Debug */,
				7E4AB3B21F39534A00AC9DF3 /* Release */,
			);
			defaultConfigurationIsVisible = 0;
			defaultConfigurationName = Release;
		};
		7E4AB3B31F39534A00AC9DF3 /* Build configuration list for PBXNativeTarget "MUMobileGestalt-Demo" */ = {
			isa = XCConfigurationList;
			buildConfigurations = (
				7E4AB3B41F39534A00AC9DF3 /* Debug */,
				7E4AB3B51F39534A00AC9DF3 /* Release */,
			);
			defaultConfigurationIsVisible = 0;
			defaultConfigurationName = Release;
		};
/* End XCConfigurationList section */
	};
	rootObject = 7E4AB3941F39534A00AC9DF3 /* Project object */;
}
